
Microsoft Visual Studio Solution File, Format Version 12.00
# Visual Studio Version 17
VisualStudioVersion = 17.9.34728.123
MinimumVisualStudioVersion = 10.0.40219.1
Project("{FAE04EC0-301F-11D3-BF4B-00C04F79EFBC}") = "Lisovyi_IKM-722a_Course_project", "Lisovyi_IKM-722a_Course_project\Lisovyi_IKM-722a_Course_project.csproj", "{B587568F-4F45-420E-BFBA-FE452D0FBAEC}"
EndProject
Global
	GlobalSection(SolutionConfigurationPlatforms) = preSolution
		Debug|Any CPU = Debug|Any CPU
		Release|Any CPU = Release|Any CPU
	EndGlobalSection
	GlobalSection(ProjectConfigurationPlatforms) = postSolution
		{B587568F-4F45-420E-BFBA-FE452D0FBAEC}.Debug|Any CPU.ActiveCfg = Debug|Any CPU
		{B587568F-4F45-420E-BFBA-FE452D0FBAEC}.Debug|Any CPU.Build.0 = Debug|Any CPU
		{B587568F-4F45-420E-BFBA-FE452D0FBAEC}.Release|Any CPU.ActiveCfg = Release|Any CPU
		{B587568F-4F45-420E-BFBA-FE452D0FBAEC}.Release|Any CPU.Build.0 = Release|Any CPU
	EndGlobalSection
	GlobalSection(SolutionProperties) = preSolution
		HideSolutionNode = FALSE
	EndGlobalSection
	GlobalSection(ExtensibilityGlobals) = postSolution
		SolutionGuid = {14E62C9F-C0C2-4BB0-AD82-F2FFF443E546}
	EndGlobalSection
EndGlobal
